// !$*UTF8*$!
{
	archiveVersion = 1;
	classes = {
	};
	objectVersion = 46;
	objects = {

/* Begin PBXBuildFile section */
		AAA85CBE1E17AB5C00C6669A /* AppDelegate.swift in Sources */ = {isa = PBXBuildFile; fileRef = AAA85CBD1E17AB5C00C6669A /* AppDelegate.swift */; };
		AAA85CC01E17AB5C00C6669A /* ViewController.swift in Sources */ = {isa = PBXBuildFile; fileRef = AAA85CBF1E17AB5C00C6669A /* ViewController.swift */; };
		AAA85CC31E17AB5C00C6669A /* Main.storyboard in Resources */ = {isa = PBXBuildFile; fileRef = AAA85CC11E17AB5C00C6669A /* Main.storyboard */; };
		AAA85CC51E17AB5C00C6669A /* Assets.xcassets in Resources */ = {isa = PBXBuildFile; fileRef = AAA85CC41E17AB5C00C6669A /* Assets.xcassets */; };
		AAA85CC81E17AB5C00C6669A /* LaunchScreen.storyboard in Resources */ = {isa = PBXBuildFile; fileRef = AAA85CC61E17AB5C00C6669A /* LaunchScreen.storyboard */; };
/* End PBXBuildFile section */

/* Begin PBXFileReference section */
		AAA85CBA1E17AB5C00C6669A /* HWSProject13.app */ = {isa = PBXFileReference; explicitFileType = wrapper.application; includeInIndex = 0; path = HWSProject13.app; sourceTree = BUILT_PRODUCTS_DIR; };
		AAA85CBD1E17AB5C00C6669A /* AppDelegate.swift */ = {isa = PBXFileReference; lastKnownFileType = sourcecode.swift; path = AppDelegate.swift; sourceTree = "<group>"; };
		AAA85CBF1E17AB5C00C6669A /* ViewController.swift */ = {isa = PBXFileReference; lastKnownFileType = sourcecode.swift; path = ViewController.swift; sourceTree = "<group>"; };
		AAA85CC21E17AB5C00C6669A /* Base */ = {isa = PBXFileReference; lastKnownFileType = file.storyboard; name = Base; path = Base.lproj/Main.storyboard; sourceTree = "<group>"; };
		AAA85CC41E17AB5C00C6669A /* Assets.xcassets */ = {isa = PBXFileReference; lastKnownFileType = folder.assetcatalog; path = Assets.xcassets; sourceTree = "<group>"; };
		AAA85CC71E17AB5C00C6669A /* Base */ = {isa = PBXFileReference; lastKnownFileType = file.storyboard; name = Base; path = Base.lproj/LaunchScreen.storyboard; sourceTree = "<group>"; };
		AAA85CC91E17AB5C00C6669A /* Info.plist */ = {isa = PBXFileReference; lastKnownFileType = text.plist.xml; path = Info.plist; sourceTree = "<group>"; };
/* End PBXFileReference section */

/* Begin PBXFrameworksBuildPhase section */
		AAA85CB71E17AB5C00C6669A /* Frameworks */ = {
			isa = PBXFrameworksBuildPhase;
			buildActionMask = 2147483647;
			files = (
			);
			runOnlyForDeploymentPostprocessing = 0;
		};
/* End PBXFrameworksBuildPhase section */

/* Begin PBXGroup section */
		AAA85CB11E17AB5C00C6669A = {
			isa = PBXGroup;
			children = (
				AAA85CBC1E17AB5C00C6669A /* HWSProject13 */,
				AAA85CBB1E17AB5C00C6669A /* Products */,
			);
			sourceTree = "<group>";
		};
		AAA85CBB1E17AB5C00C6669A /* Products */ = {
			isa = PBXGroup;
			children = (
				AAA85CBA1E17AB5C00C6669A /* HWSProject13.app */,
			);
			name = Products;
			sourceTree = "<group>";
		};
		AAA85CBC1E17AB5C00C6669A /* HWSProject13 */ = {
			isa = PBXGroup;
			children = (
				AAA85CBD1E17AB5C00C6669A /* AppDelegate.swift */,
				AAA85CBF1E17AB5C00C6669A /* ViewController.swift */,
				AAA85CC11E17AB5C00C6669A /* Main.storyboard */,
				AAA85CC41E17AB5C00C6669A /* Assets.xcassets */,
				AAA85CC61E17AB5C00C6669A /* LaunchScreen.storyboard */,
				AAA85CC91E17AB5C00C6669A /* Info.plist */,
			);
			path = HWSProject13;
			sourceTree = "<group>";
		};
/* End PBXGroup section */

/* Begin PBXNativeTarget section */
		AAA85CB91E17AB5C00C6669A /* HWSProject13 */ = {
			isa = PBXNativeTarget;
			buildConfigurationList = AAA85CCC1E17AB5C00C6669A /* Build configuration list for PBXNativeTarget "HWSProject13" */;
			buildPhases = (
				AAA85CB61E17AB5C00C6669A /* Sources */,
				AAA85CB71E17AB5C00C6669A /* Frameworks */,
				AAA85CB81E17AB5C00C6669A /* Resources */,
			);
			buildRules = (
			);
			dependencies = (
			);
			name = HWSProject13;
			productName = HWSProject13;
			productReference = AAA85CBA1E17AB5C00C6669A /* HWSProject13.app */;
			productType = "com.apple.product-type.application";
		};
/* End PBXNativeTarget section */

/* Begin PBXProject section */
		AAA85CB21E17AB5C00C6669A /* Project object */ = {
			isa = PBXProject;
			attributes = {
				LastSwiftUpdateCheck = 0800;
				LastUpgradeCheck = 0800;
				ORGANIZATIONNAME = "celia ";
				TargetAttributes = {
					AAA85CB91E17AB5C00C6669A = {
						CreatedOnToolsVersion = 8.0;
						ProvisioningStyle = Automatic;
					};
				};
			};
			buildConfigurationList = AAA85CB51E17AB5C00C6669A /* Build configuration list for PBXProject "HWSProject13" */;
			compatibilityVersion = "Xcode 3.2";
			developmentRegion = English;
			hasScannedForEncodings = 0;
			knownRegions = (
				en,
				Base,
			);
			mainGroup = AAA85CB11E17AB5C00C6669A;
			productRefGroup = AAA85CBB1E17AB5C00C6669A /* Products */;
			projectDirPath = "";
			projectRoot = "";
			targets = (
				AAA85CB91E17AB5C00C6669A /* HWSProject13 */,
			);
		};
/* End PBXProject section */

/* Begin PBXResourcesBuildPhase section */
		AAA85CB81E17AB5C00C6669A /* Resources */ = {
			isa = PBXResourcesBuildPhase;
			buildActionMask = 2147483647;
			files = (
				AAA85CC81E17AB5C00C6669A /* LaunchScreen.storyboard in Resources */,
				AAA85CC51E17AB5C00C6669A /* Assets.xcassets in Resources */,
				AAA85CC31E17AB5C00C6669A /* Main.storyboard in Resources */,
			);
			runOnlyForDeploymentPostprocessing = 0;
		};
/* End PBXResourcesBuildPhase section */

/* Begin PBXSourcesBuildPhase section */
		AAA85CB61E17AB5C00C6669A /* Sources */ = {
			isa = PBXSourcesBuildPhase;
			buildActionMask = 2147483647;
			files = (
				AAA85CC01E17AB5C00C6669A /* ViewController.swift in Sources */,
				AAA85CBE1E17AB5C00C6669A /* AppDelegate.swift in Sources */,
			);
			runOnlyForDeploymentPostprocessing = 0;
		};
/* End PBXSourcesBuildPhase section */

/* Begin PBXVariantGroup section */
		AAA85CC11E17AB5C00C6669A /* Main.storyboard */ = {
			isa = PBXVariantGroup;
			children = (
				AAA85CC21E17AB5C00C6669A /* Base */,
			);
			name = Main.storyboard;
			sourceTree = "<group>";
		};
		AAA85CC61E17AB5C00C6669A /* LaunchScreen.storyboard */ = {
			isa = PBXVariantGroup;
			children = (
				AAA85CC71E17AB5C00C6669A /* Base */,
			);
			name = LaunchScreen.storyboard;
			sourceTree = "<group>";
		};
/* End PBXVariantGroup section */

/* Begin XCBuildConfiguration section */
		AAA85CCA1E17AB5C00C6669A /* Debug */ = {
			isa = XCBuildConfiguration;
			buildSettings = {
				ALWAYS_SEARCH_USER_PATHS = NO;
				CLANG_ANALYZER_NONNULL = YES;
				CLANG_CXX_LANGUAGE_STANDARD = "gnu++0x";
				CLANG_CXX_LIBRARY = "libc++";
				CLANG_ENABLE_MODULES = YES;
				CLANG_ENABLE_OBJC_ARC = YES;
				CLANG_WARN_BOOL_CONVERSION = YES;
				CLANG_WARN_CONSTANT_CONVERSION = YES;
				CLANG_WARN_DIRECT_OBJC_ISA_USAGE = YES_ERROR;
				CLANG_WARN_DOCUMENTATION_COMMENTS = YES;
				CLANG_WARN_EMPTY_BODY = YES;
				CLANG_WARN_ENUM_CONVERSION = YES;
				CLANG_WARN_INFINITE_RECURSION = YES;
				CLANG_WARN_INT_CONVERSION = YES;
				CLANG_WARN_OBJC_ROOT_CLASS = YES_ERROR;
				CLANG_WARN_SUSPICIOUS_MOVES = YES;
				CLANG_WARN_UNREACHABLE_CODE = YES;
				CLANG_WARN__DUPLICATE_METHOD_MATCH = YES;
				"CODE_SIGN_IDENTITY[sdk=iphoneos*]" = "iPhone Developer";
				COPY_PHASE_STRIP = NO;
				DEBUG_INFORMATION_FORMAT = dwarf;
				ENABLE_STRICT_OBJC_MSGSEND = YES;
				ENABLE_TESTABILITY = YES;
				GCC_C_LANGUAGE_STANDARD = gnu99;
				GCC_DYNAMIC_NO_PIC = NO;
				GCC_NO_COMMON_BLOCKS = YES;
				GCC_OPTIMIZATION_LEVEL = 0;
				GCC_PREPROCESSOR_DEFINITIONS = (
					"DEBUG=1",
					"$(inherited)",
				);
				GCC_WARN_64_TO_32_BIT_CONVERSION = YES;
				GCC_WARN_ABOUT_RETURN_TYPE = YES_ERROR;
				GCC_WARN_UNDECLARED_SELECTOR = YES;
				GCC_WARN_UNINITIALIZED_AUTOS = YES_AGGRESSIVE;
				GCC_WARN_UNUSED_FUNCTION = YES;
				GCC_WARN_UNUSED_VARIABLE = YES;
				IPHONEOS_DEPLOYMENT_TARGET = 10.0;
				MTL_ENABLE_DEBUG_INFO = YES;
				ONLY_ACTIVE_ARCH = YES;
				SDKROOT = iphoneos;
				SWIFT_ACTIVE_COMPILATION_CONDITIONS = DEBUG;
				SWIFT_OPTIMIZATION_LEVEL = "-Onone";
			};
			name = Debug;
		};
		AAA85CCB1E17AB5C00C6669A /* Release */ = {
			isa = XCBuildConfiguration;
			buildSettings = {
				ALWAYS_SEARCH_USER_PATHS = NO;
				CLANG_ANALYZER_NONNULL = YES;
				CLANG_CXX_LANGUAGE_STANDARD = "gnu++0x";
				CLANG_CXX_LIBRARY = "libc++";
				CLANG_ENABLE_MODULES = YES;
				CLANG_ENABLE_OBJC_ARC = YES;
				CLANG_WARN_BOOL_CONVERSION = YES;
				CLANG_WARN_CONSTANT_CONVERSION = YES;
				CLANG_WARN_DIRECT_OBJC_ISA_USAGE = YES_ERROR;
				CLANG_WARN_DOCUMENTATION_COMMENTS = YES;
				CLANG_WARN_EMPTY_BODY = YES;
				CLANG_WARN_ENUM_CONVERSION = YES;
				CLANG_WARN_INFINITE_RECURSION = YES;
				CLANG_WARN_INT_CONVERSION = YES;
				CLANG_WARN_OBJC_ROOT_CLASS = YES_ERROR;
				CLANG_WARN_SUSPICIOUS_MOVES = YES;
				CLANG_WARN_UNREACHABLE_CODE = YES;
				CLANG_WARN__DUPLICATE_METHOD_MATCH = YES;
				"CODE_SIGN_IDENTITY[sdk=iphoneos*]" = "iPhone Developer";
				COPY_PHASE_STRIP = NO;
				DEBUG_INFORMATION_FORMAT = "dwarf-with-dsym";
				ENABLE_NS_ASSERTIONS = NO;
				ENABLE_STRICT_OBJC_MSGSEND = YES;
				GCC_C_LANGUAGE_STANDARD = gnu99;
				GCC_NO_COMMON_BLOCKS = YES;
				GCC_WARN_64_TO_32_BIT_CONVERSION = YES;
				GCC_WARN_ABOUT_RETURN_TYPE = YES_ERROR;
				GCC_WARN_UNDECLARED_SELECTOR = YES;
				GCC_WARN_UNINITIALIZED_AUTOS = YES_AGGRESSIVE;
				GCC_WARN_UNUSED_FUNCTION = YES;
				GCC_WARN_UNUSED_VARIABLE = YES;
				IPHONEOS_DEPLOYMENT_TARGET = 10.0;
				MTL_ENABLE_DEBUG_INFO = NO;
				SDKROOT = iphoneos;
				SWIFT_OPTIMIZATION_LEVEL = "-Owholemodule";
				VALIDATE_PRODUCT = YES;
			};
			name = Release;
		};
		AAA85CCD1E17AB5C00C6669A /* Debug */ = {
			isa = XCBuildConfiguration;
			buildSettings = {
				ASSETCATALOG_COMPILER_APPICON_NAME = AppIcon;
				INFOPLIST_FILE = HWSProject13/Info.plist;
				LD_RUNPATH_SEARCH_PATHS = "$(inherited) @executable_path/Frameworks";
				PRODUCT_BUNDLE_IDENTIFIER = com.celiali.HWSProject13;
				PRODUCT_NAME = "$(TARGET_NAME)";
				SWIFT_VERSION = 3.0;
			};
			name = Debug;
		};
		AAA85CCE1E17AB5C00C6669A /* Release */ = {
			isa = XCBuildConfiguration;
			buildSettings = {
				ASSETCATALOG_COMPILER_APPICON_NAME = AppIcon;
				INFOPLIST_FILE = HWSProject13/Info.plist;
				LD_RUNPATH_SEARCH_PATHS = "$(inherited) @executable_path/Frameworks";
				PRODUCT_BUNDLE_IDENTIFIER = com.celiali.HWSProject13;
				PRODUCT_NAME = "$(TARGET_NAME)";
				SWIFT_VERSION = 3.0;
			};
			name = Release;
		};
/* End XCBuildConfiguration section */

/* Begin XCConfigurationList section */
		AAA85CB51E17AB5C00C6669A /* Build configuration list for PBXProject "HWSProject13" */ = {
			isa = XCConfigurationList;
			buildConfigurations = (
				AAA85CCA1E17AB5C00C6669A /* Debug */,
				AAA85CCB1E17AB5C00C6669A /* Release */,
			);
			defaultConfigurationIsVisible = 0;
			defaultConfigurationName = Release;
		};
		AAA85CCC1E17AB5C00C6669A /* Build configuration list for PBXNativeTarget "HWSProject13" */ = {
			isa = XCConfigurationList;
			buildConfigurations = (
				AAA85CCD1E17AB5C00C6669A /* Debug */,
				AAA85CCE1E17AB5C00C6669A /* Release */,
			);
			defaultConfigurationIsVisible = 0;
		};
/* End XCConfigurationList section */
	};
	rootObject = AAA85CB21E17AB5C00C6669A /* Project object */;
}
