// !$*UTF8*$!
{
	archiveVersion = 1;
	classes = {
	};
	objectVersion = 46;
	objects = {

/* Begin PBXBuildFile section */
		AA2222CB1E1CAB3D00ACD9BF /* KeychainOptions.swift in Sources */ = {isa = PBXBuildFile; fileRef = AA2222C91E1CAB3D00ACD9BF /* KeychainOptions.swift */; };
		AA2222CC1E1CAB3D00ACD9BF /* KeychainWrapper.swift in Sources */ = {isa = PBXBuildFile; fileRef = AA2222CA1E1CAB3D00ACD9BF /* KeychainWrapper.swift */; };
		AACFC3D21E1A1AAB00F41C03 /* AppDelegate.swift in Sources */ = {isa = PBXBuildFile; fileRef = AACFC3D11E1A1AAB00F41C03 /* AppDelegate.swift */; };
		AACFC3D41E1A1AAB00F41C03 /* ViewController.swift in Sources */ = {isa = PBXBuildFile; fileRef = AACFC3D31E1A1AAB00F41C03 /* ViewController.swift */; };
		AACFC3D71E1A1AAB00F41C03 /* Main.storyboard in Resources */ = {isa = PBXBuildFile; fileRef = AACFC3D51E1A1AAB00F41C03 /* Main.storyboard */; };
		AACFC3D91E1A1AAB00F41C03 /* Assets.xcassets in Resources */ = {isa = PBXBuildFile; fileRef = AACFC3D81E1A1AAB00F41C03 /* Assets.xcassets */; };
		AACFC3DC1E1A1AAB00F41C03 /* LaunchScreen.storyboard in Resources */ = {isa = PBXBuildFile; fileRef = AACFC3DA1E1A1AAB00F41C03 /* LaunchScreen.storyboard */; };
		AACFC3EA1E1A1B9200F41C03 /* ActionViewController.swift in Sources */ = {isa = PBXBuildFile; fileRef = AACFC3E91E1A1B9200F41C03 /* ActionViewController.swift */; };
		AACFC3ED1E1A1B9200F41C03 /* MainInterface.storyboard in Resources */ = {isa = PBXBuildFile; fileRef = AACFC3EB1E1A1B9200F41C03 /* MainInterface.storyboard */; };
		AACFC3F11E1A1B9200F41C03 /* Extension.appex in Embed App Extensions */ = {isa = PBXBuildFile; fileRef = AACFC3E71E1A1B9200F41C03 /* Extension.appex */; settings = {ATTRIBUTES = (RemoveHeadersOnCopy, ); }; };
		AACFC3F71E1A28BB00F41C03 /* Action.js in Resources */ = {isa = PBXBuildFile; fileRef = AACFC3F61E1A28BB00F41C03 /* Action.js */; };
/* End PBXBuildFile section */

/* Begin PBXContainerItemProxy section */
		AACFC3EF1E1A1B9200F41C03 /* PBXContainerItemProxy */ = {
			isa = PBXContainerItemProxy;
			containerPortal = AACFC3C61E1A1AAA00F41C03 /* Project object */;
			proxyType = 1;
			remoteGlobalIDString = AACFC3E61E1A1B9200F41C03;
			remoteInfo = Extension;
		};
/* End PBXContainerItemProxy section */

/* Begin PBXCopyFilesBuildPhase section */
		AACFC3F51E1A1B9200F41C03 /* Embed App Extensions */ = {
			isa = PBXCopyFilesBuildPhase;
			buildActionMask = 2147483647;
			dstPath = "";
			dstSubfolderSpec = 13;
			files = (
				AACFC3F11E1A1B9200F41C03 /* Extension.appex in Embed App Extensions */,
			);
			name = "Embed App Extensions";
			runOnlyForDeploymentPostprocessing = 0;
		};
/* End PBXCopyFilesBuildPhase section */

/* Begin PBXFileReference section */
		AA2222C91E1CAB3D00ACD9BF /* KeychainOptions.swift */ = {isa = PBXFileReference; fileEncoding = 4; lastKnownFileType = sourcecode.swift; path = KeychainOptions.swift; sourceTree = "<group>"; };
		AA2222CA1E1CAB3D00ACD9BF /* KeychainWrapper.swift */ = {isa = PBXFileReference; fileEncoding = 4; lastKnownFileType = sourcecode.swift; path = KeychainWrapper.swift; sourceTree = "<group>"; };
		AACFC3CE1E1A1AAB00F41C03 /* HWSProject16.app */ = {isa = PBXFileReference; explicitFileType = wrapper.application; includeInIndex = 0; path = HWSProject16.app; sourceTree = BUILT_PRODUCTS_DIR; };
		AACFC3D11E1A1AAB00F41C03 /* AppDelegate.swift */ = {isa = PBXFileReference; lastKnownFileType = sourcecode.swift; path = AppDelegate.swift; sourceTree = "<group>"; };
		AACFC3D31E1A1AAB00F41C03 /* ViewController.swift */ = {isa = PBXFileReference; lastKnownFileType = sourcecode.swift; path = ViewController.swift; sourceTree = "<group>"; };
		AACFC3D61E1A1AAB00F41C03 /* Base */ = {isa = PBXFileReference; lastKnownFileType = file.storyboard; name = Base; path = Base.lproj/Main.storyboard; sourceTree = "<group>"; };
		AACFC3D81E1A1AAB00F41C03 /* Assets.xcassets */ = {isa = PBXFileReference; lastKnownFileType = folder.assetcatalog; path = Assets.xcassets; sourceTree = "<group>"; };
		AACFC3DB1E1A1AAB00F41C03 /* Base */ = {isa = PBXFileReference; lastKnownFileType = file.storyboard; name = Base; path = Base.lproj/LaunchScreen.storyboard; sourceTree = "<group>"; };
		AACFC3DD1E1A1AAB00F41C03 /* Info.plist */ = {isa = PBXFileReference; lastKnownFileType = text.plist.xml; path = Info.plist; sourceTree = "<group>"; };
		AACFC3E71E1A1B9200F41C03 /* Extension.appex */ = {isa = PBXFileReference; explicitFileType = "wrapper.app-extension"; includeInIndex = 0; path = Extension.appex; sourceTree = BUILT_PRODUCTS_DIR; };
		AACFC3E91E1A1B9200F41C03 /* ActionViewController.swift */ = {isa = PBXFileReference; lastKnownFileType = sourcecode.swift; path = ActionViewController.swift; sourceTree = "<group>"; };
		AACFC3EC1E1A1B9200F41C03 /* Base */ = {isa = PBXFileReference; lastKnownFileType = file.storyboard; name = Base; path = Base.lproj/MainInterface.storyboard; sourceTree = "<group>"; };
		AACFC3EE1E1A1B9200F41C03 /* Info.plist */ = {isa = PBXFileReference; lastKnownFileType = text.plist.xml; path = Info.plist; sourceTree = "<group>"; };
		AACFC3F61E1A28BB00F41C03 /* Action.js */ = {isa = PBXFileReference; fileEncoding = 4; lastKnownFileType = sourcecode.javascript; path = Action.js; sourceTree = "<group>"; };
/* End PBXFileReference section */

/* Begin PBXFrameworksBuildPhase section */
		AACFC3CB1E1A1AAA00F41C03 /* Frameworks */ = {
			isa = PBXFrameworksBuildPhase;
			buildActionMask = 2147483647;
			files = (
			);
			runOnlyForDeploymentPostprocessing = 0;
		};
		AACFC3E41E1A1B9200F41C03 /* Frameworks */ = {
			isa = PBXFrameworksBuildPhase;
			buildActionMask = 2147483647;
			files = (
			);
			runOnlyForDeploymentPostprocessing = 0;
		};
/* End PBXFrameworksBuildPhase section */

/* Begin PBXGroup section */
		AACFC3C51E1A1AAA00F41C03 = {
			isa = PBXGroup;
			children = (
				AACFC3D01E1A1AAB00F41C03 /* HWSProject16 */,
				AACFC3E81E1A1B9200F41C03 /* Extension */,
				AACFC3CF1E1A1AAB00F41C03 /* Products */,
			);
			sourceTree = "<group>";
		};
		AACFC3CF1E1A1AAB00F41C03 /* Products */ = {
			isa = PBXGroup;
			children = (
				AACFC3CE1E1A1AAB00F41C03 /* HWSProject16.app */,
				AACFC3E71E1A1B9200F41C03 /* Extension.appex */,
			);
			name = Products;
			sourceTree = "<group>";
		};
		AACFC3D01E1A1AAB00F41C03 /* HWSProject16 */ = {
			isa = PBXGroup;
			children = (
				AACFC3D11E1A1AAB00F41C03 /* AppDelegate.swift */,
				AACFC3D31E1A1AAB00F41C03 /* ViewController.swift */,
				AACFC3D51E1A1AAB00F41C03 /* Main.storyboard */,
				AACFC3D81E1A1AAB00F41C03 /* Assets.xcassets */,
				AACFC3DA1E1A1AAB00F41C03 /* LaunchScreen.storyboard */,
				AACFC3DD1E1A1AAB00F41C03 /* Info.plist */,
				AA2222C91E1CAB3D00ACD9BF /* KeychainOptions.swift */,
				AA2222CA1E1CAB3D00ACD9BF /* KeychainWrapper.swift */,
			);
			path = HWSProject16;
			sourceTree = "<group>";
		};
		AACFC3E81E1A1B9200F41C03 /* Extension */ = {
			isa = PBXGroup;
			children = (
				AACFC3E91E1A1B9200F41C03 /* ActionViewController.swift */,
				AACFC3EB1E1A1B9200F41C03 /* MainInterface.storyboard */,
				AACFC3EE1E1A1B9200F41C03 /* Info.plist */,
				AACFC3F61E1A28BB00F41C03 /* Action.js */,
			);
			path = Extension;
			sourceTree = "<group>";
		};
/* End PBXGroup section */

/* Begin PBXNativeTarget section */
		AACFC3CD1E1A1AAA00F41C03 /* HWSProject16 */ = {
			isa = PBXNativeTarget;
			buildConfigurationList = AACFC3E01E1A1AAB00F41C03 /* Build configuration list for PBXNativeTarget "HWSProject16" */;
			buildPhases = (
				AACFC3CA1E1A1AAA00F41C03 /* Sources */,
				AACFC3CB1E1A1AAA00F41C03 /* Frameworks */,
				AACFC3CC1E1A1AAA00F41C03 /* Resources */,
				AACFC3F51E1A1B9200F41C03 /* Embed App Extensions */,
			);
			buildRules = (
			);
			dependencies = (
				AACFC3F01E1A1B9200F41C03 /* PBXTargetDependency */,
			);
			name = HWSProject16;
			productName = HWSProject16;
			productReference = AACFC3CE1E1A1AAB00F41C03 /* HWSProject16.app */;
			productType = "com.apple.product-type.application";
		};
		AACFC3E61E1A1B9200F41C03 /* Extension */ = {
			isa = PBXNativeTarget;
			buildConfigurationList = AACFC3F21E1A1B9200F41C03 /* Build configuration list for PBXNativeTarget "Extension" */;
			buildPhases = (
				AACFC3E31E1A1B9200F41C03 /* Sources */,
				AACFC3E41E1A1B9200F41C03 /* Frameworks */,
				AACFC3E51E1A1B9200F41C03 /* Resources */,
			);
			buildRules = (
			);
			dependencies = (
			);
			name = Extension;
			productName = Extension;
			productReference = AACFC3E71E1A1B9200F41C03 /* Extension.appex */;
			productType = "com.apple.product-type.app-extension";
		};
/* End PBXNativeTarget section */

/* Begin PBXProject section */
		AACFC3C61E1A1AAA00F41C03 /* Project object */ = {
			isa = PBXProject;
			attributes = {
				LastSwiftUpdateCheck = 0800;
				LastUpgradeCheck = 0800;
				ORGANIZATIONNAME = "celia ";
				TargetAttributes = {
					AACFC3CD1E1A1AAA00F41C03 = {
						CreatedOnToolsVersion = 8.0;
						ProvisioningStyle = Automatic;
					};
					AACFC3E61E1A1B9200F41C03 = {
						CreatedOnToolsVersion = 8.0;
						ProvisioningStyle = Automatic;
					};
				};
			};
			buildConfigurationList = AACFC3C91E1A1AAA00F41C03 /* Build configuration list for PBXProject "HWSProject16" */;
			compatibilityVersion = "Xcode 3.2";
			developmentRegion = English;
			hasScannedForEncodings = 0;
			knownRegions = (
				en,
				Base,
			);
			mainGroup = AACFC3C51E1A1AAA00F41C03;
			productRefGroup = AACFC3CF1E1A1AAB00F41C03 /* Products */;
			projectDirPath = "";
			projectRoot = "";
			targets = (
				AACFC3CD1E1A1AAA00F41C03 /* HWSProject16 */,
				AACFC3E61E1A1B9200F41C03 /* Extension */,
			);
		};
/* End PBXProject section */

/* Begin PBXResourcesBuildPhase section */
		AACFC3CC1E1A1AAA00F41C03 /* Resources */ = {
			isa = PBXResourcesBuildPhase;
			buildActionMask = 2147483647;
			files = (
				AACFC3DC1E1A1AAB00F41C03 /* LaunchScreen.storyboard in Resources */,
				AACFC3D91E1A1AAB00F41C03 /* Assets.xcassets in Resources */,
				AACFC3D71E1A1AAB00F41C03 /* Main.storyboard in Resources */,
			);
			runOnlyForDeploymentPostprocessing = 0;
		};
		AACFC3E51E1A1B9200F41C03 /* Resources */ = {
			isa = PBXResourcesBuildPhase;
			buildActionMask = 2147483647;
			files = (
				AACFC3F71E1A28BB00F41C03 /* Action.js in Resources */,
				AACFC3ED1E1A1B9200F41C03 /* MainInterface.storyboard in Resources */,
			);
			runOnlyForDeploymentPostprocessing = 0;
		};
/* End PBXResourcesBuildPhase section */

/* Begin PBXSourcesBuildPhase section */
		AACFC3CA1E1A1AAA00F41C03 /* Sources */ = {
			isa = PBXSourcesBuildPhase;
			buildActionMask = 2147483647;
			files = (
				AACFC3D41E1A1AAB00F41C03 /* ViewController.swift in Sources */,
				AA2222CC1E1CAB3D00ACD9BF /* KeychainWrapper.swift in Sources */,
				AA2222CB1E1CAB3D00ACD9BF /* KeychainOptions.swift in Sources */,
				AACFC3D21E1A1AAB00F41C03 /* AppDelegate.swift in Sources */,
			);
			runOnlyForDeploymentPostprocessing = 0;
		};
		AACFC3E31E1A1B9200F41C03 /* Sources */ = {
			isa = PBXSourcesBuildPhase;
			buildActionMask = 2147483647;
			files = (
				AACFC3EA1E1A1B9200F41C03 /* ActionViewController.swift in Sources */,
			);
			runOnlyForDeploymentPostprocessing = 0;
		};
/* End PBXSourcesBuildPhase section */

/* Begin PBXTargetDependency section */
		AACFC3F01E1A1B9200F41C03 /* PBXTargetDependency */ = {
			isa = PBXTargetDependency;
			target = AACFC3E61E1A1B9200F41C03 /* Extension */;
			targetProxy = AACFC3EF1E1A1B9200F41C03 /* PBXContainerItemProxy */;
		};
/* End PBXTargetDependency section */

/* Begin PBXVariantGroup section */
		AACFC3D51E1A1AAB00F41C03 /* Main.storyboard */ = {
			isa = PBXVariantGroup;
			children = (
				AACFC3D61E1A1AAB00F41C03 /* Base */,
			);
			name = Main.storyboard;
			sourceTree = "<group>";
		};
		AACFC3DA1E1A1AAB00F41C03 /* LaunchScreen.storyboard */ = {
			isa = PBXVariantGroup;
			children = (
				AACFC3DB1E1A1AAB00F41C03 /* Base */,
			);
			name = LaunchScreen.storyboard;
			sourceTree = "<group>";
		};
		AACFC3EB1E1A1B9200F41C03 /* MainInterface.storyboard */ = {
			isa = PBXVariantGroup;
			children = (
				AACFC3EC1E1A1B9200F41C03 /* Base */,
			);
			name = MainInterface.storyboard;
			sourceTree = "<group>";
		};
/* End PBXVariantGroup section */

/* Begin XCBuildConfiguration section */
		AACFC3DE1E1A1AAB00F41C03 /* Debug */ = {
			isa = XCBuildConfiguration;
			buildSettings = {
				ALWAYS_SEARCH_USER_PATHS = NO;
				CLANG_ANALYZER_NONNULL = YES;
				CLANG_CXX_LANGUAGE_STANDARD = "gnu++0x";
				CLANG_CXX_LIBRARY = "libc++";
				CLANG_ENABLE_MODULES = YES;
				CLANG_ENABLE_OBJC_ARC = YES;
				CLANG_WARN_BOOL_CONVERSION = YES;
				CLANG_WARN_CONSTANT_CONVERSION = YES;
				CLANG_WARN_DIRECT_OBJC_ISA_USAGE = YES_ERROR;
				CLANG_WARN_DOCUMENTATION_COMMENTS = YES;
				CLANG_WARN_EMPTY_BODY = YES;
				CLANG_WARN_ENUM_CONVERSION = YES;
				CLANG_WARN_INFINITE_RECURSION = YES;
				CLANG_WARN_INT_CONVERSION = YES;
				CLANG_WARN_OBJC_ROOT_CLASS = YES_ERROR;
				CLANG_WARN_SUSPICIOUS_MOVES = YES;
				CLANG_WARN_UNREACHABLE_CODE = YES;
				CLANG_WARN__DUPLICATE_METHOD_MATCH = YES;
				"CODE_SIGN_IDENTITY[sdk=iphoneos*]" = "iPhone Developer";
				COPY_PHASE_STRIP = NO;
				DEBUG_INFORMATION_FORMAT = dwarf;
				ENABLE_STRICT_OBJC_MSGSEND = YES;
				ENABLE_TESTABILITY = YES;
				GCC_C_LANGUAGE_STANDARD = gnu99;
				GCC_DYNAMIC_NO_PIC = NO;
				GCC_NO_COMMON_BLOCKS = YES;
				GCC_OPTIMIZATION_LEVEL = 0;
				GCC_PREPROCESSOR_DEFINITIONS = (
					"DEBUG=1",
					"$(inherited)",
				);
				GCC_WARN_64_TO_32_BIT_CONVERSION = YES;
				GCC_WARN_ABOUT_RETURN_TYPE = YES_ERROR;
				GCC_WARN_UNDECLARED_SELECTOR = YES;
				GCC_WARN_UNINITIALIZED_AUTOS = YES_AGGRESSIVE;
				GCC_WARN_UNUSED_FUNCTION = YES;
				GCC_WARN_UNUSED_VARIABLE = YES;
				IPHONEOS_DEPLOYMENT_TARGET = 10.0;
				MTL_ENABLE_DEBUG_INFO = YES;
				ONLY_ACTIVE_ARCH = YES;
				SDKROOT = iphoneos;
				SWIFT_ACTIVE_COMPILATION_CONDITIONS = DEBUG;
				SWIFT_OPTIMIZATION_LEVEL = "-Onone";
			};
			name = Debug;
		};
		AACFC3DF1E1A1AAB00F41C03 /* Release */ = {
			isa = XCBuildConfiguration;
			buildSettings = {
				ALWAYS_SEARCH_USER_PATHS = NO;
				CLANG_ANALYZER_NONNULL = YES;
				CLANG_CXX_LANGUAGE_STANDARD = "gnu++0x";
				CLANG_CXX_LIBRARY = "libc++";
				CLANG_ENABLE_MODULES = YES;
				CLANG_ENABLE_OBJC_ARC = YES;
				CLANG_WARN_BOOL_CONVERSION = YES;
				CLANG_WARN_CONSTANT_CONVERSION = YES;
				CLANG_WARN_DIRECT_OBJC_ISA_USAGE = YES_ERROR;
				CLANG_WARN_DOCUMENTATION_COMMENTS = YES;
				CLANG_WARN_EMPTY_BODY = YES;
				CLANG_WARN_ENUM_CONVERSION = YES;
				CLANG_WARN_INFINITE_RECURSION = YES;
				CLANG_WARN_INT_CONVERSION = YES;
				CLANG_WARN_OBJC_ROOT_CLASS = YES_ERROR;
				CLANG_WARN_SUSPICIOUS_MOVES = YES;
				CLANG_WARN_UNREACHABLE_CODE = YES;
				CLANG_WARN__DUPLICATE_METHOD_MATCH = YES;
				"CODE_SIGN_IDENTITY[sdk=iphoneos*]" = "iPhone Developer";
				COPY_PHASE_STRIP = NO;
				DEBUG_INFORMATION_FORMAT = "dwarf-with-dsym";
				ENABLE_NS_ASSERTIONS = NO;
				ENABLE_STRICT_OBJC_MSGSEND = YES;
				GCC_C_LANGUAGE_STANDARD = gnu99;
				GCC_NO_COMMON_BLOCKS = YES;
				GCC_WARN_64_TO_32_BIT_CONVERSION = YES;
				GCC_WARN_ABOUT_RETURN_TYPE = YES_ERROR;
				GCC_WARN_UNDECLARED_SELECTOR = YES;
				GCC_WARN_UNINITIALIZED_AUTOS = YES_AGGRESSIVE;
				GCC_WARN_UNUSED_FUNCTION = YES;
				GCC_WARN_UNUSED_VARIABLE = YES;
				IPHONEOS_DEPLOYMENT_TARGET = 10.0;
				MTL_ENABLE_DEBUG_INFO = NO;
				SDKROOT = iphoneos;
				SWIFT_OPTIMIZATION_LEVEL = "-Owholemodule";
				VALIDATE_PRODUCT = YES;
			};
			name = Release;
		};
		AACFC3E11E1A1AAB00F41C03 /* Debug */ = {
			isa = XCBuildConfiguration;
			buildSettings = {
				ALWAYS_EMBED_SWIFT_STANDARD_LIBRARIES = YES;
				ASSETCATALOG_COMPILER_APPICON_NAME = AppIcon;
				INFOPLIST_FILE = HWSProject16/Info.plist;
				LD_RUNPATH_SEARCH_PATHS = "$(inherited) @executable_path/Frameworks";
				PRODUCT_BUNDLE_IDENTIFIER = com.celiali.HWSProject16;
				PRODUCT_NAME = "$(TARGET_NAME)";
				SWIFT_VERSION = 3.0;
			};
			name = Debug;
		};
		AACFC3E21E1A1AAB00F41C03 /* Release */ = {
			isa = XCBuildConfiguration;
			buildSettings = {
				ALWAYS_EMBED_SWIFT_STANDARD_LIBRARIES = YES;
				ASSETCATALOG_COMPILER_APPICON_NAME = AppIcon;
				INFOPLIST_FILE = HWSProject16/Info.plist;
				LD_RUNPATH_SEARCH_PATHS = "$(inherited) @executable_path/Frameworks";
				PRODUCT_BUNDLE_IDENTIFIER = com.celiali.HWSProject16;
				PRODUCT_NAME = "$(TARGET_NAME)";
				SWIFT_VERSION = 3.0;
			};
			name = Release;
		};
		AACFC3F31E1A1B9200F41C03 /* Debug */ = {
			isa = XCBuildConfiguration;
			buildSettings = {
				INFOPLIST_FILE = Extension/Info.plist;
				LD_RUNPATH_SEARCH_PATHS = "$(inherited) @executable_path/Frameworks @executable_path/../../Frameworks";
				PRODUCT_BUNDLE_IDENTIFIER = com.celiali.HWSProject16.Extension;
				PRODUCT_NAME = "$(TARGET_NAME)";
				SKIP_INSTALL = YES;
				SWIFT_VERSION = 3.0;
			};
			name = Debug;
		};
		AACFC3F41E1A1B9200F41C03 /* Release */ = {
			isa = XCBuildConfiguration;
			buildSettings = {
				INFOPLIST_FILE = Extension/Info.plist;
				LD_RUNPATH_SEARCH_PATHS = "$(inherited) @executable_path/Frameworks @executable_path/../../Frameworks";
				PRODUCT_BUNDLE_IDENTIFIER = com.celiali.HWSProject16.Extension;
				PRODUCT_NAME = "$(TARGET_NAME)";
				SKIP_INSTALL = YES;
				SWIFT_VERSION = 3.0;
			};
			name = Release;
		};
/* End XCBuildConfiguration section */

/* Begin XCConfigurationList section */
		AACFC3C91E1A1AAA00F41C03 /* Build configuration list for PBXProject "HWSProject16" */ = {
			isa = XCConfigurationList;
			buildConfigurations = (
				AACFC3DE1E1A1AAB00F41C03 /* Debug */,
				AACFC3DF1E1A1AAB00F41C03 /* Release */,
			);
			defaultConfigurationIsVisible = 0;
			defaultConfigurationName = Release;
		};
		AACFC3E01E1A1AAB00F41C03 /* Build configuration list for PBXNativeTarget "HWSProject16" */ = {
			isa = XCConfigurationList;
			buildConfigurations = (
				AACFC3E11E1A1AAB00F41C03 /* Debug */,
				AACFC3E21E1A1AAB00F41C03 /* Release */,
			);
			defaultConfigurationIsVisible = 0;
			defaultConfigurationName = Release;
		};
		AACFC3F21E1A1B9200F41C03 /* Build configuration list for PBXNativeTarget "Extension" */ = {
			isa = XCConfigurationList;
			buildConfigurations = (
				AACFC3F31E1A1B9200F41C03 /* Debug */,
				AACFC3F41E1A1B9200F41C03 /* Release */,
			);
			defaultConfigurationIsVisible = 0;
			defaultConfigurationName = Release;
		};
/* End XCConfigurationList section */
	};
	rootObject = AACFC3C61E1A1AAA00F41C03 /* Project object */;
}
